// !$*UTF8*$!
{
	archiveVersion = 1;
	classes = {
	};
	objectVersion = 51;
	objects = {

/* Begin PBXBuildFile section */
		9045454E8B326D91F20A11AF /* Pods_InstructionsCocoaPods.framework in Frameworks */ = {isa = PBXBuildFile; fileRef = C640403A2780B4391F92158B /* Pods_InstructionsCocoaPods.framework */; };
		B68A07CB24E94BF200A91840 /* AppDelegate.swift in Sources */ = {isa = PBXBuildFile; fileRef = B68A07CA24E94BF200A91840 /* AppDelegate.swift */; };
		B68A07CD24E94BF200A91840 /* SceneDelegate.swift in Sources */ = {isa = PBXBuildFile; fileRef = B68A07CC24E94BF200A91840 /* SceneDelegate.swift */; };
		B68A07CF24E94BF200A91840 /* ViewController.swift in Sources */ = {isa = PBXBuildFile; fileRef = B68A07CE24E94BF200A91840 /* ViewController.swift */; };
		B68A07D224E94BF200A91840 /* Main.storyboard in Resources */ = {isa = PBXBuildFile; fileRef = B68A07D024E94BF200A91840 /* Main.storyboard */; };
		B68A07D424E94BF700A91840 /* Assets.xcassets in Resources */ = {isa = PBXBuildFile; fileRef = B68A07D324E94BF700A91840 /* Assets.xcassets */; };
		B68A07D724E94BF700A91840 /* LaunchScreen.storyboard in Resources */ = {isa = PBXBuildFile; fileRef = B68A07D524E94BF700A91840 /* LaunchScreen.storyboard */; };
		B68A07E224E94BF700A91840 /* InstructionsCocoaPodsUITests.swift in Sources */ = {isa = PBXBuildFile; fileRef = B68A07E124E94BF700A91840 /* InstructionsCocoaPodsUITests.swift */; };
/* End PBXBuildFile section */

/* Begin PBXContainerItemProxy section */
		B68A07DE24E94BF700A91840 /* PBXContainerItemProxy */ = {
			isa = PBXContainerItemProxy;
			containerPortal = B68A07BF24E94BF200A91840 /* Project object */;
			proxyType = 1;
			remoteGlobalIDString = B68A07C624E94BF200A91840;
			remoteInfo = InstructionsCocoaPods;
		};
/* End PBXContainerItemProxy section */

/* Begin PBXFileReference section */
		19455D45BB37647F0A7624A3 /* Pods-InstructionsCocoaPods.debug.xcconfig */ = {isa = PBXFileReference; includeInIndex = 1; lastKnownFileType = text.xcconfig; name = "Pods-InstructionsCocoaPods.debug.xcconfig"; path = "Target Support Files/Pods-InstructionsCocoaPods/Pods-InstructionsCocoaPods.debug.xcconfig"; sourceTree = "<group>"; };
		A3125B3F7B84E2A59BBDFA07 /* Pods-InstructionsCocoaPods.release.xcconfig */ = {isa = PBXFileReference; includeInIndex = 1; lastKnownFileType = text.xcconfig; name = "Pods-InstructionsCocoaPods.release.xcconfig"; path = "Target Support Files/Pods-InstructionsCocoaPods/Pods-InstructionsCocoaPods.release.xcconfig"; sourceTree = "<group>"; };
		B68A07C724E94BF200A91840 /* InstructionsCocoaPods.app */ = {isa = PBXFileReference; explicitFileType = wrapper.application; includeInIndex = 0; path = InstructionsCocoaPods.app; sourceTree = BUILT_PRODUCTS_DIR; };
		B68A07CA24E94BF200A91840 /* AppDelegate.swift */ = {isa = PBXFileReference; lastKnownFileType = sourcecode.swift; path = AppDelegate.swift; sourceTree = "<group>"; };
		B68A07CC24E94BF200A91840 /* SceneDelegate.swift */ = {isa = PBXFileReference; lastKnownFileType = sourcecode.swift; path = SceneDelegate.swift; sourceTree = "<group>"; };
		B68A07CE24E94BF200A91840 /* ViewController.swift */ = {isa = PBXFileReference; lastKnownFileType = sourcecode.swift; path = ViewController.swift; sourceTree = "<group>"; };
		B68A07D124E94BF200A91840 /* Base */ = {isa = PBXFileReference; lastKnownFileType = file.storyboard; name = Base; path = Base.lproj/Main.storyboard; sourceTree = "<group>"; };
		B68A07D324E94BF700A91840 /* Assets.xcassets */ = {isa = PBXFileReference; lastKnownFileType = folder.assetcatalog; path = Assets.xcassets; sourceTree = "<group>"; };
		B68A07D624E94BF700A91840 /* Base */ = {isa = PBXFileReference; lastKnownFileType = file.storyboard; name = Base; path = Base.lproj/LaunchScreen.storyboard; sourceTree = "<group>"; };
		B68A07D824E94BF700A91840 /* Info.plist */ = {isa = PBXFileReference; lastKnownFileType = text.plist.xml; path = Info.plist; sourceTree = "<group>"; };
		B68A07DD24E94BF700A91840 /* InstructionsCocoaPodsUITests.xctest */ = {isa = PBXFileReference; explicitFileType = wrapper.cfbundle; includeInIndex = 0; path = InstructionsCocoaPodsUITests.xctest; sourceTree = BUILT_PRODUCTS_DIR; };
		B68A07E124E94BF700A91840 /* InstructionsCocoaPodsUITests.swift */ = {isa = PBXFileReference; lastKnownFileType = sourcecode.swift; path = InstructionsCocoaPodsUITests.swift; sourceTree = "<group>"; };
		B68A07E324E94BF700A91840 /* Info.plist */ = {isa = PBXFileReference; lastKnownFileType = text.plist.xml; path = Info.plist; sourceTree = "<group>"; };
		C640403A2780B4391F92158B /* Pods_InstructionsCocoaPods.framework */ = {isa = PBXFileReference; explicitFileType = wrapper.framework; includeInIndex = 0; path = Pods_InstructionsCocoaPods.framework; sourceTree = BUILT_PRODUCTS_DIR; };
/* End PBXFileReference section */

/* Begin PBXFrameworksBuildPhase section */
		B68A07C424E94BF200A91840 /* Frameworks */ = {
			isa = PBXFrameworksBuildPhase;
			buildActionMask = 2147483647;
			files = (
				9045454E8B326D91F20A11AF /* Pods_InstructionsCocoaPods.framework in Frameworks */,
			);
			runOnlyForDeploymentPostprocessing = 0;
		};
		B68A07DA24E94BF700A91840 /* Frameworks */ = {
			isa = PBXFrameworksBuildPhase;
			buildActionMask = 2147483647;
			files = (
			);
			runOnlyForDeploymentPostprocessing = 0;
		};
/* End PBXFrameworksBuildPhase section */

/* Begin PBXGroup section */
		7DD8E496C57F9EDF0457C64B /* Frameworks */ = {
			isa = PBXGroup;
			children = (
				C640403A2780B4391F92158B /* Pods_InstructionsCocoaPods.framework */,
			);
			name = Frameworks;
			sourceTree = "<group>";
		};
		B68A07BE24E94BF200A91840 = {
			isa = PBXGroup;
			children = (
				B68A07C924E94BF200A91840 /* InstructionsCocoaPods */,
				B68A07E024E94BF700A91840 /* InstructionsCocoaPodsUITests */,
				B68A07C824E94BF200A91840 /* Products */,
				F70EB7A82CE319424C57FDB6 /* Pods */,
				7DD8E496C57F9EDF0457C64B /* Frameworks */,
			);
			sourceTree = "<group>";
		};
		B68A07C824E94BF200A91840 /* Products */ = {
			isa = PBXGroup;
			children = (
				B68A07C724E94BF200A91840 /* InstructionsCocoaPods.app */,
				B68A07DD24E94BF700A91840 /* InstructionsCocoaPodsUITests.xctest */,
			);
			name = Products;
			sourceTree = "<group>";
		};
		B68A07C924E94BF200A91840 /* InstructionsCocoaPods */ = {
			isa = PBXGroup;
			children = (
				B68A07CA24E94BF200A91840 /* AppDelegate.swift */,
				B68A07CC24E94BF200A91840 /* SceneDelegate.swift */,
				B68A07CE24E94BF200A91840 /* ViewController.swift */,
				B68A07D024E94BF200A91840 /* Main.storyboard */,
				B68A07D324E94BF700A91840 /* Assets.xcassets */,
				B68A07D524E94BF700A91840 /* LaunchScreen.storyboard */,
				B68A07D824E94BF700A91840 /* Info.plist */,
			);
			path = InstructionsCocoaPods;
			sourceTree = "<group>";
		};
		B68A07E024E94BF700A91840 /* InstructionsCocoaPodsUITests */ = {
			isa = PBXGroup;
			children = (
				B68A07E124E94BF700A91840 /* InstructionsCocoaPodsUITests.swift */,
				B68A07E324E94BF700A91840 /* Info.plist */,
			);
			path = InstructionsCocoaPodsUITests;
			sourceTree = "<group>";
		};
		F70EB7A82CE319424C57FDB6 /* Pods */ = {
			isa = PBXGroup;
			children = (
				19455D45BB37647F0A7624A3 /* Pods-InstructionsCocoaPods.debug.xcconfig */,
				A3125B3F7B84E2A59BBDFA07 /* Pods-InstructionsCocoaPods.release.xcconfig */,
			);
			path = Pods;
			sourceTree = "<group>";
		};
/* End PBXGroup section */

/* Begin PBXNativeTarget section */
		B68A07C624E94BF200A91840 /* InstructionsCocoaPods */ = {
			isa = PBXNativeTarget;
			buildConfigurationList = B68A07E624E94BF700A91840 /* Build configuration list for PBXNativeTarget "InstructionsCocoaPods" */;
			buildPhases = (
				564CC59AB8393CB41FC03EEC /* [CP] Check Pods Manifest.lock */,
				B68A07C324E94BF200A91840 /* Sources */,
				B68A07C424E94BF200A91840 /* Frameworks */,
				B68A07C524E94BF200A91840 /* Resources */,
				F06371DCE1AF3D6D04DD0E15 /* [CP] Embed Pods Frameworks */,
			);
			buildRules = (
			);
			dependencies = (
			);
			name = InstructionsCocoaPods;
			productName = InstructionsCocoaPods;
			productReference = B68A07C724E94BF200A91840 /* InstructionsCocoaPods.app */;
			productType = "com.apple.product-type.application";
		};
		B68A07DC24E94BF700A91840 /* InstructionsCocoaPodsUITests */ = {
			isa = PBXNativeTarget;
			buildConfigurationList = B68A07E924E94BF700A91840 /* Build configuration list for PBXNativeTarget "InstructionsCocoaPodsUITests" */;
			buildPhases = (
				B68A07D924E94BF700A91840 /* Sources */,
				B68A07DA24E94BF700A91840 /* Frameworks */,
				B68A07DB24E94BF700A91840 /* Resources */,
			);
			buildRules = (
			);
			dependencies = (
				B68A07DF24E94BF700A91840 /* PBXTargetDependency */,
			);
			name = InstructionsCocoaPodsUITests;
			productName = InstructionsCocoaPodsUITests;
			productReference = B68A07DD24E94BF700A91840 /* InstructionsCocoaPodsUITests.xctest */;
			productType = "com.apple.product-type.bundle.ui-testing";
		};
/* End PBXNativeTarget section */

/* Begin PBXProject section */
		B68A07BF24E94BF200A91840 /* Project object */ = {
			isa = PBXProject;
			attributes = {
				LastSwiftUpdateCheck = 1160;
				LastUpgradeCheck = 1340;
				ORGANIZATIONNAME = ephread;
				TargetAttributes = {
					B68A07C624E94BF200A91840 = {
						CreatedOnToolsVersion = 11.6;
					};
					B68A07DC24E94BF700A91840 = {
						CreatedOnToolsVersion = 11.6;
						TestTargetID = B68A07C624E94BF200A91840;
					};
				};
			};
			buildConfigurationList = B68A07C224E94BF200A91840 /* Build configuration list for PBXProject "InstructionsCocoaPods" */;
			compatibilityVersion = "Xcode 9.3";
			developmentRegion = en;
			hasScannedForEncodings = 0;
			knownRegions = (
				en,
				Base,
			);
			mainGroup = B68A07BE24E94BF200A91840;
			productRefGroup = B68A07C824E94BF200A91840 /* Products */;
			projectDirPath = "";
			projectRoot = "";
			targets = (
				B68A07C624E94BF200A91840 /* InstructionsCocoaPods */,
				B68A07DC24E94BF700A91840 /* InstructionsCocoaPodsUITests */,
			);
		};
/* End PBXProject section */

/* Begin PBXResourcesBuildPhase section */
		B68A07C524E94BF200A91840 /* Resources */ = {
			isa = PBXResourcesBuildPhase;
			buildActionMask = 2147483647;
			files = (
				B68A07D724E94BF700A91840 /* LaunchScreen.storyboard in Resources */,
				B68A07D424E94BF700A91840 /* Assets.xcassets in Resources */,
				B68A07D224E94BF200A91840 /* Main.storyboard in Resources */,
			);
			runOnlyForDeploymentPostprocessing = 0;
		};
		B68A07DB24E94BF700A91840 /* Resources */ = {
			isa = PBXResourcesBuildPhase;
			buildActionMask = 2147483647;
			files = (
			);
			runOnlyForDeploymentPostprocessing = 0;
		};
/* End PBXResourcesBuildPhase section */

/* Begin PBXShellScriptBuildPhase section */
		564CC59AB8393CB41FC03EEC /* [CP] Check Pods Manifest.lock */ = {
			isa = PBXShellScriptBuildPhase;
			buildActionMask = 2147483647;
			files = (
			);
			inputFileListPaths = (
			);
			inputPaths = (
				"${PODS_PODFILE_DIR_PATH}/Podfile.lock",
				"${PODS_ROOT}/Manifest.lock",
			);
			name = "[CP] Check Pods Manifest.lock";
			outputFileListPaths = (
			);
			outputPaths = (
				"$(DERIVED_FILE_DIR)/Pods-InstructionsCocoaPods-checkManifestLockResult.txt",
			);
			runOnlyForDeploymentPostprocessing = 0;
			shellPath = /bin/sh;
			shellScript = "diff \"${PODS_PODFILE_DIR_PATH}/Podfile.lock\" \"${PODS_ROOT}/Manifest.lock\" > /dev/null\nif [ $? != 0 ] ; then\n    # print error to STDERR\n    echo \"error: The sandbox is not in sync with the Podfile.lock. Run 'pod install' or update your CocoaPods installation.\" >&2\n    exit 1\nfi\n# This output is used by Xcode 'outputs' to avoid re-running this script phase.\necho \"SUCCESS\" > \"${SCRIPT_OUTPUT_FILE_0}\"\n";
			showEnvVarsInLog = 0;
		};
		F06371DCE1AF3D6D04DD0E15 /* [CP] Embed Pods Frameworks */ = {
			isa = PBXShellScriptBuildPhase;
			buildActionMask = 2147483647;
			files = (
			);
			inputFileListPaths = (
				"${PODS_ROOT}/Target Support Files/Pods-InstructionsCocoaPods/Pods-InstructionsCocoaPods-frameworks-${CONFIGURATION}-input-files.xcfilelist",
			);
			name = "[CP] Embed Pods Frameworks";
			outputFileListPaths = (
				"${PODS_ROOT}/Target Support Files/Pods-InstructionsCocoaPods/Pods-InstructionsCocoaPods-frameworks-${CONFIGURATION}-output-files.xcfilelist",
			);
			runOnlyForDeploymentPostprocessing = 0;
			shellPath = /bin/sh;
			shellScript = "\"${PODS_ROOT}/Target Support Files/Pods-InstructionsCocoaPods/Pods-InstructionsCocoaPods-frameworks.sh\"\n";
			showEnvVarsInLog = 0;
		};
/* End PBXShellScriptBuildPhase section */

/* Begin PBXSourcesBuildPhase section */
		B68A07C324E94BF200A91840 /* Sources */ = {
			isa = PBXSourcesBuildPhase;
			buildActionMask = 2147483647;
			files = (
				B68A07CF24E94BF200A91840 /* ViewController.swift in Sources */,
				B68A07CB24E94BF200A91840 /* AppDelegate.swift in Sources */,
				B68A07CD24E94BF200A91840 /* SceneDelegate.swift in Sources */,
			);
			runOnlyForDeploymentPostprocessing = 0;
		};
		B68A07D924E94BF700A91840 /* Sources */ = {
			isa = PBXSourcesBuildPhase;
			buildActionMask = 2147483647;
			files = (
				B68A07E224E94BF700A91840 /* InstructionsCocoaPodsUITests.swift in Sources */,
			);
			runOnlyForDeploymentPostprocessing = 0;
		};
/* End PBXSourcesBuildPhase section */

/* Begin PBXTargetDependency section */
		B68A07DF24E94BF700A91840 /* PBXTargetDependency */ = {
			isa = PBXTargetDependency;
			target = B68A07C624E94BF200A91840 /* InstructionsCocoaPods */;
			targetProxy = B68A07DE24E94BF700A91840 /* PBXContainerItemProxy */;
		};
/* End PBXTargetDependency section */

/* Begin PBXVariantGroup section */
		B68A07D024E94BF200A91840 /* Main.storyboard */ = {
			isa = PBXVariantGroup;
			children = (
				B68A07D124E94BF200A91840 /* Base */,
			);
			name = Main.storyboard;
			sourceTree = "<group>";
		};
		B68A07D524E94BF700A91840 /* LaunchScreen.storyboard */ = {
			isa = PBXVariantGroup;
			children = (
				B68A07D624E94BF700A91840 /* Base */,
			);
			name = LaunchScreen.storyboard;
			sourceTree = "<group>";
		};
/* End PBXVariantGroup section */

/* Begin XCBuildConfiguration section */
		B68A07E424E94BF700A91840 /* Debug */ = {
			isa = XCBuildConfiguration;
			buildSettings = {
				ALWAYS_SEARCH_USER_PATHS = NO;
				CLANG_ANALYZER_NONNULL = YES;
				CLANG_ANALYZER_NUMBER_OBJECT_CONVERSION = YES_AGGRESSIVE;
				CLANG_CXX_LANGUAGE_STANDARD = "gnu++14";
				CLANG_CXX_LIBRARY = "libc++";
				CLANG_ENABLE_MODULES = YES;
				CLANG_ENABLE_OBJC_ARC = YES;
				CLANG_ENABLE_OBJC_WEAK = YES;
				CLANG_WARN_BLOCK_CAPTURE_AUTORELEASING = YES;
				CLANG_WARN_BOOL_CONVERSION = YES;
				CLANG_WARN_COMMA = YES;
				CLANG_WARN_CONSTANT_CONVERSION = YES;
				CLANG_WARN_DEPRECATED_OBJC_IMPLEMENTATIONS = YES;
				CLANG_WARN_DIRECT_OBJC_ISA_USAGE = YES_ERROR;
				CLANG_WARN_DOCUMENTATION_COMMENTS = YES;
				CLANG_WARN_EMPTY_BODY = YES;
				CLANG_WARN_ENUM_CONVERSION = YES;
				CLANG_WARN_INFINITE_RECURSION = YES;
				CLANG_WARN_INT_CONVERSION = YES;
				CLANG_WARN_NON_LITERAL_NULL_CONVERSION = YES;
				CLANG_WARN_OBJC_IMPLICIT_RETAIN_SELF = YES;
				CLANG_WARN_OBJC_LITERAL_CONVERSION = YES;
				CLANG_WARN_OBJC_ROOT_CLASS = YES_ERROR;
				CLANG_WARN_QUOTED_INCLUDE_IN_FRAMEWORK_HEADER = YES;
				CLANG_WARN_RANGE_LOOP_ANALYSIS = YES;
				CLANG_WARN_STRICT_PROTOTYPES = YES;
				CLANG_WARN_SUSPICIOUS_MOVE = YES;
				CLANG_WARN_UNGUARDED_AVAILABILITY = YES_AGGRESSIVE;
				CLANG_WARN_UNREACHABLE_CODE = YES;
				CLANG_WARN__DUPLICATE_METHOD_MATCH = YES;
				COPY_PHASE_STRIP = NO;
				DEBUG_INFORMATION_FORMAT = dwarf;
				ENABLE_STRICT_OBJC_MSGSEND = YES;
				ENABLE_TESTABILITY = YES;
				GCC_C_LANGUAGE_STANDARD = gnu11;
				GCC_DYNAMIC_NO_PIC = NO;
				GCC_NO_COMMON_BLOCKS = YES;
				GCC_OPTIMIZATION_LEVEL = 0;
				GCC_PREPROCESSOR_DEFINITIONS = (
					"DEBUG=1",
					"$(inherited)",
				);
				GCC_WARN_64_TO_32_BIT_CONVERSION = YES;
				GCC_WARN_ABOUT_RETURN_TYPE = YES_ERROR;
				GCC_WARN_UNDECLARED_SELECTOR = YES;
				GCC_WARN_UNINITIALIZED_AUTOS = YES_AGGRESSIVE;
				GCC_WARN_UNUSED_FUNCTION = YES;
				GCC_WARN_UNUSED_VARIABLE = YES;
				IPHONEOS_DEPLOYMENT_TARGET = 13.6;
				MTL_ENABLE_DEBUG_INFO = INCLUDE_SOURCE;
				MTL_FAST_MATH = YES;
				ONLY_ACTIVE_ARCH = YES;
				SDKROOT = iphoneos;
				SWIFT_ACTIVE_COMPILATION_CONDITIONS = DEBUG;
				SWIFT_OPTIMIZATION_LEVEL = "-Onone";
			};
			name = Debug;
		};
		B68A07E524E94BF700A91840 /* Release */ = {
			isa = XCBuildConfiguration;
			buildSettings = {
				ALWAYS_SEARCH_USER_PATHS = NO;
				CLANG_ANALYZER_NONNULL = YES;
				CLANG_ANALYZER_NUMBER_OBJECT_CONVERSION = YES_AGGRESSIVE;
				CLANG_CXX_LANGUAGE_STANDARD = "gnu++14";
				CLANG_CXX_LIBRARY = "libc++";
				CLANG_ENABLE_MODULES = YES;
				CLANG_ENABLE_OBJC_ARC = YES;
				CLANG_ENABLE_OBJC_WEAK = YES;
				CLANG_WARN_BLOCK_CAPTURE_AUTORELEASING = YES;
				CLANG_WARN_BOOL_CONVERSION = YES;
				CLANG_WARN_COMMA = YES;
				CLANG_WARN_CONSTANT_CONVERSION = YES;
				CLANG_WARN_DEPRECATED_OBJC_IMPLEMENTATIONS = YES;
				CLANG_WARN_DIRECT_OBJC_ISA_USAGE = YES_ERROR;
				CLANG_WARN_DOCUMENTATION_COMMENTS = YES;
				CLANG_WARN_EMPTY_BODY = YES;
				CLANG_WARN_ENUM_CONVERSION = YES;
				CLANG_WARN_INFINITE_RECURSION = YES;
				CLANG_WARN_INT_CONVERSION = YES;
				CLANG_WARN_NON_LITERAL_NULL_CONVERSION = YES;
				CLANG_WARN_OBJC_IMPLICIT_RETAIN_SELF = YES;
				CLANG_WARN_OBJC_LITERAL_CONVERSION = YES;
				CLANG_WARN_OBJC_ROOT_CLASS = YES_ERROR;
				CLANG_WARN_QUOTED_INCLUDE_IN_FRAMEWORK_HEADER = YES;
				CLANG_WARN_RANGE_LOOP_ANALYSIS = YES;
				CLANG_WARN_STRICT_PROTOTYPES = YES;
				CLANG_WARN_SUSPICIOUS_MOVE = YES;
				CLANG_WARN_UNGUARDED_AVAILABILITY = YES_AGGRESSIVE;
				CLANG_WARN_UNREACHABLE_CODE = YES;
				CLANG_WARN__DUPLICATE_METHOD_MATCH = YES;
				COPY_PHASE_STRIP = NO;
				DEBUG_INFORMATION_FORMAT = "dwarf-with-dsym";
				ENABLE_NS_ASSERTIONS = NO;
				ENABLE_STRICT_OBJC_MSGSEND = YES;
				GCC_C_LANGUAGE_STANDARD = gnu11;
				GCC_NO_COMMON_BLOCKS = YES;
				GCC_WARN_64_TO_32_BIT_CONVERSION = YES;
				GCC_WARN_ABOUT_RETURN_TYPE = YES_ERROR;
				GCC_WARN_UNDECLARED_SELECTOR = YES;
				GCC_WARN_UNINITIALIZED_AUTOS = YES_AGGRESSIVE;
				GCC_WARN_UNUSED_FUNCTION = YES;
				GCC_WARN_UNUSED_VARIABLE = YES;
				IPHONEOS_DEPLOYMENT_TARGET = 13.6;
				MTL_ENABLE_DEBUG_INFO = NO;
				MTL_FAST_MATH = YES;
				SDKROOT = iphoneos;
				SWIFT_COMPILATION_MODE = wholemodule;
				SWIFT_OPTIMIZATION_LEVEL = "-O";
				VALIDATE_PRODUCT = YES;
			};
			name = Release;
		};
		B68A07E724E94BF700A91840 /* Debug */ = {
			isa = XCBuildConfiguration;
			baseConfigurationReference = 19455D45BB37647F0A7624A3 /* Pods-InstructionsCocoaPods.debug.xcconfig */;
			buildSettings = {
				ASSETCATALOG_COMPILER_APPICON_NAME = AppIcon;
				CODE_SIGN_STYLE = Automatic;
				DEVELOPMENT_TEAM = EV2G94D75V;
				INFOPLIST_FILE = InstructionsCocoaPods/Info.plist;
				LD_RUNPATH_SEARCH_PATHS = (
					"$(inherited)",
					"@executable_path/Frameworks",
				);
				PRODUCT_BUNDLE_IDENTIFIER = com.ephread.InstructionsCocoaPods;
				PRODUCT_NAME = "$(TARGET_NAME)";
				SWIFT_VERSION = 5.0;
				TARGETED_DEVICE_FAMILY = "1,2";
			};
			name = Debug;
		};
		B68A07E824E94BF700A91840 /* Release */ = {
			isa = XCBuildConfiguration;
			baseConfigurationReference = A3125B3F7B84E2A59BBDFA07 /* Pods-InstructionsCocoaPods.release.xcconfig */;
			buildSettings = {
				ASSETCATALOG_COMPILER_APPICON_NAME = AppIcon;
				CODE_SIGN_STYLE = Automatic;
				DEVELOPMENT_TEAM = EV2G94D75V;
				INFOPLIST_FILE = InstructionsCocoaPods/Info.plist;
				LD_RUNPATH_SEARCH_PATHS = (
					"$(inherited)",
					"@executable_path/Frameworks",
				);
				PRODUCT_BUNDLE_IDENTIFIER = com.ephread.InstructionsCocoaPods;
				PRODUCT_NAME = "$(TARGET_NAME)";
				SWIFT_VERSION = 5.0;
				TARGETED_DEVICE_FAMILY = "1,2";
			};
			name = Release;
		};
		B68A07EA24E94BF700A91840 /* Debug */ = {
			isa = XCBuildConfiguration;
			buildSettings = {
				ALWAYS_EMBED_SWIFT_STANDARD_LIBRARIES = YES;
				CODE_SIGN_STYLE = Automatic;
				DEVELOPMENT_TEAM = EV2G94D75V;
				INFOPLIST_FILE = InstructionsCocoaPodsUITests/Info.plist;
				LD_RUNPATH_SEARCH_PATHS = (
					"$(inherited)",
					"@executable_path/Frameworks",
					"@loader_path/Frameworks",
				);
				PRODUCT_BUNDLE_IDENTIFIER = com.ephread.InstructionsCocoaPodsUITests;
				PRODUCT_NAME = "$(TARGET_NAME)";
				SWIFT_VERSION = 5.0;
				TARGETED_DEVICE_FAMILY = "1,2";
				TEST_TARGET_NAME = InstructionsCocoaPods;
			};
			name = Debug;
		};
		B68A07EB24E94BF700A91840 /* Release */ = {
			isa = XCBuildConfiguration;
			buildSettings = {
				ALWAYS_EMBED_SWIFT_STANDARD_LIBRARIES = YES;
				CODE_SIGN_STYLE = Automatic;
				DEVELOPMENT_TEAM = EV2G94D75V;
				INFOPLIST_FILE = InstructionsCocoaPodsUITests/Info.plist;
				LD_RUNPATH_SEARCH_PATHS = (
					"$(inherited)",
					"@executable_path/Frameworks",
					"@loader_path/Frameworks",
				);
				PRODUCT_BUNDLE_IDENTIFIER = com.ephread.InstructionsCocoaPodsUITests;
				PRODUCT_NAME = "$(TARGET_NAME)";
				SWIFT_VERSION = 5.0;
				TARGETED_DEVICE_FAMILY = "1,2";
				TEST_TARGET_NAME = InstructionsCocoaPods;
			};
			name = Release;
		};
/* End XCBuildConfiguration section */

/* Begin XCConfigurationList section */
		B68A07C224E94BF200A91840 /* Build configuration list for PBXProject "InstructionsCocoaPods" */ = {
			isa = XCConfigurationList;
			buildConfigurations = (
				B68A07E424E94BF700A91840 /* Debug */,
				B68A07E524E94BF700A91840 /* Release */,
			);
			defaultConfigurationIsVisible = 0;
			defaultConfigurationName = Release;
		};
		B68A07E624E94BF700A91840 /* Build configuration list for PBXNativeTarget "InstructionsCocoaPods" */ = {
			isa = XCConfigurationList;
			buildConfigurations = (
				B68A07E724E94BF700A91840 /* Debug */,
				B68A07E824E94BF700A91840 /* Release */,
			);
			defaultConfigurationIsVisible = 0;
			defaultConfigurationName = Release;
		};
		B68A07E924E94BF700A91840 /* Build configuration list for PBXNativeTarget "InstructionsCocoaPodsUITests" */ = {
			isa = XCConfigurationList;
			buildConfigurations = (
				B68A07EA24E94BF700A91840 /* Debug */,
				B68A07EB24E94BF700A91840 /* Release */,
			);
			defaultConfigurationIsVisible = 0;
			defaultConfigurationName = Release;
		};
/* End XCConfigurationList section */
	};
	rootObject = B68A07BF24E94BF200A91840 /* Project object */;
}
